# This file is automatically @generated by Poetry 1.5.1 and should not be changed by hand.

[[package]]
name = "astropy"
version = "5.2.2"
description = "Astronomy and astrophysics core library"
optional = false
python-versions = ">=3.8"
files = [
    {file = "astropy-5.2.2-cp310-cp310-macosx_10_9_x86_64.whl", hash = "sha256:66522e897daf3766775c00ef5c63b69beb0eb359e1f45d18745d0f0ca7f29cc1"},
    {file = "astropy-5.2.2-cp310-cp310-macosx_11_0_arm64.whl", hash = "sha256:0ccf6f16cf7e520247ecc9d1a66dd4c3927fd60622203bdd1d06655ad81fa18f"},
    {file = "astropy-5.2.2-cp310-cp310-manylinux_2_12_x86_64.manylinux2010_x86_64.whl", hash = "sha256:3d0c37da922cdcb81e74437118fabd64171cbfefa06c7ea697a270e82a8164f2"},
    {file = "astropy-5.2.2-cp310-cp310-manylinux_2_17_aarch64.manylinux2014_aarch64.whl", hash = "sha256:04464e664a22382626ce9750ebe943b80a718dc8347134b9d138b63a2029f67a"},
    {file = "astropy-5.2.2-cp310-cp310-musllinux_1_1_x86_64.whl", hash = "sha256:4f60cea0fa7cb6ebbd90373e48c07f5d459e95dfd6363f50e316e2db7755bead"},
    {file = "astropy-5.2.2-cp310-cp310-win32.whl", hash = "sha256:6c3abb2fa8ebaaad77875a02e664c1011f35bd0c0ef7d35a39b03c859de1129a"},
    {file = "astropy-5.2.2-cp310-cp310-win_amd64.whl", hash = "sha256:185ade8c33cea34ba791b282e937686d98b4e205d4f343e686a4666efab2f6e7"},
    {file = "astropy-5.2.2-cp311-cp311-macosx_10_9_x86_64.whl", hash = "sha256:f61c612e90e3dd3c075e99a61dedd53331c4577016c1d571aab00b95ca1731ab"},
    {file = "astropy-5.2.2-cp311-cp311-macosx_11_0_arm64.whl", hash = "sha256:3881e933ea870a27e5d6896443401fbf51e3b7e57c6356f333553f5ff0070c72"},
    {file = "astropy-5.2.2-cp311-cp311-manylinux_2_17_aarch64.manylinux2014_aarch64.whl", hash = "sha256:f210b5b4062030388437b9aca4bbf68f9063b2b27184006814a09fab41ac270e"},
    {file = "astropy-5.2.2-cp311-cp311-manylinux_2_17_x86_64.manylinux2014_x86_64.whl", hash = "sha256:e14b5a22f24ae5cf0404f21a4de135e26ca3c9cf55aefc5b0264a9ce24b53b0b"},
    {file = "astropy-5.2.2-cp311-cp311-musllinux_1_1_x86_64.whl", hash = "sha256:6768b3a670cdfff6c2416b3d7d1e4231839608299b32367e8b095959fc6733a6"},
    {file = "astropy-5.2.2-cp311-cp311-win32.whl", hash = "sha256:0aad85604cad40189b13d66bb46fb2a95df1a9095992071b31c3fa35b476fdbc"},
    {file = "astropy-5.2.2-cp311-cp311-win_amd64.whl", hash = "sha256:ac944158794a88789a007892ad91db35da14f689da1ab37c33c8de770a27f717"},
    {file = "astropy-5.2.2-cp38-cp38-macosx_10_9_x86_64.whl", hash = "sha256:6703860deecd384bba2d2e338f77a0e7b46672812d27ed15f95e8faaa89fcd35"},
    {file = "astropy-5.2.2-cp38-cp38-macosx_11_0_arm64.whl", hash = "sha256:124ef2a9f9b1cdbc1a5d514f7e57538253bb67ad031215f5f5405fc4cd31a4cd"},
    {file = "astropy-5.2.2-cp38-cp38-manylinux_2_12_i686.manylinux2010_i686.whl", hash = "sha256:800501cc626aef0780dfb66156619699e98cb48854ed710f1ae3708aaab79f6e"},
    {file = "astropy-5.2.2-cp38-cp38-manylinux_2_12_x86_64.manylinux2010_x86_64.whl", hash = "sha256:22396592aa9b1653d37d552d3c52a8bb27ef072d077fad43b64faf841b1dcbf3"},
    {file = "astropy-5.2.2-cp38-cp38-manylinux_2_17_aarch64.manylinux2014_aarch64.whl", hash = "sha256:093782b1f0177c3dd2c04181ec016d8e569bd9e862b48236e40b14e2a7399170"},
    {file = "astropy-5.2.2-cp38-cp38-musllinux_1_1_x86_64.whl", hash = "sha256:0c664f9194a4a3cece6215f651a9bc22c3cbd1f52dd450bd4d94eaf36f13c06c"},
    {file = "astropy-5.2.2-cp38-cp38-win32.whl", hash = "sha256:35ce00bb3dbc8bf7c842a0635354a5023cb64ae9c1925aa9b54629cf7fed2abe"},
    {file = "astropy-5.2.2-cp38-cp38-win_amd64.whl", hash = "sha256:8304b590b20f9c161db85d5eb65d4c6323b3370a17c96ae163b18a0071cbd68a"},
    {file = "astropy-5.2.2-cp39-cp39-macosx_10_9_x86_64.whl", hash = "sha256:855748c2f1aedee5d770dfec8334109f1bcd1c1cee97f5915d3e888f43c04acf"},
    {file = "astropy-5.2.2-cp39-cp39-macosx_11_0_arm64.whl", hash = "sha256:1ef9acc55c5fd70c7c78370389e79fb044321e531ac1facb7bddeef89d3132e3"},
    {file = "astropy-5.2.2-cp39-cp39-manylinux_2_12_i686.manylinux2010_i686.whl", hash = "sha256:f30b5d153b9d119783b96b948a3e0c4eb668820c06d2e8ba72f6ea989e4af5c1"},
    {file = "astropy-5.2.2-cp39-cp39-manylinux_2_12_x86_64.manylinux2010_x86_64.whl", hash = "sha256:530e6911a54a42e9f15b1a75dc3c699be3946c0b6ffdcfdcf4e14ae5fcfcd236"},
    {file = "astropy-5.2.2-cp39-cp39-manylinux_2_17_aarch64.manylinux2014_aarch64.whl", hash = "sha256:ae3b383ac84fe6765e275f897f4010cc6afe6933607b7468561414dffdc4d915"},
    {file = "astropy-5.2.2-cp39-cp39-musllinux_1_1_x86_64.whl", hash = "sha256:b00a4cd49f8264a338b0020717bff104fbcca800bd50bf0a415d952078258a39"},
    {file = "astropy-5.2.2-cp39-cp39-win32.whl", hash = "sha256:b7167b9965ebd78b7c9da7e98a943381b25e23d041bd304ec2e35e8ec811cefc"},
    {file = "astropy-5.2.2-cp39-cp39-win_amd64.whl", hash = "sha256:df81b8f23c5e906d799b47d2d8462707c745df38cafae0cd6674ef09e9a41789"},
    {file = "astropy-5.2.2.tar.gz", hash = "sha256:e6a9e34716bda5945788353c63f0644721ee7e5447d16b1cdcb58c48a96b0d9c"},
]

[package.dependencies]
numpy = ">=1.20"
packaging = ">=19.0"
pyerfa = ">=2.0"
PyYAML = ">=3.13"

[package.extras]
all = ["asdf (>=2.10.0)", "beautifulsoup4", "bleach", "bottleneck", "certifi", "dask[array]", "fsspec[http] (>=2022.8.2)", "h5py", "html5lib", "ipython (>=4.2)", "jplephem", "matplotlib (>=3.1,!=3.4.0,!=3.5.2)", "mpmath", "pandas", "pyarrow (>=5.0.0)", "pytest (>=7.0)", "pytz", "s3fs (>=2022.8.2)", "scipy (>=1.5)", "sortedcontainers", "typing-extensions (>=3.10.0.1)"]
docs = ["Jinja2 (>=3.0)", "matplotlib (>=3.1,!=3.4.0,!=3.5.2)", "pytest (>=7.0)", "scipy (>=1.3)", "sphinx", "sphinx-astropy (>=1.6)", "sphinx-changelog (>=1.2.0)"]
recommended = ["matplotlib (>=3.1,!=3.4.0,!=3.5.2)", "scipy (>=1.5)"]
test = ["pytest (>=7.0)", "pytest-astropy (>=0.10)", "pytest-astropy-header (>=0.2.1)", "pytest-doctestplus (>=0.12)", "pytest-xdist"]
test-all = ["coverage[toml]", "ipython (>=4.2)", "objgraph", "pytest (>=7.0)", "pytest-astropy (>=0.10)", "pytest-astropy-header (>=0.2.1)", "pytest-doctestplus (>=0.12)", "pytest-xdist", "sgp4 (>=2.3)", "skyfield (>=1.20)"]

[[package]]
name = "numpy"
version = "1.24.4"
description = "Fundamental package for array computing in Python"
optional = false
python-versions = ">=3.8"
files = [
    {file = "numpy-1.24.4-cp310-cp310-macosx_10_9_x86_64.whl", hash = "sha256:c0bfb52d2169d58c1cdb8cc1f16989101639b34c7d3ce60ed70b19c63eba0b64"},
    {file = "numpy-1.24.4-cp310-cp310-macosx_11_0_arm64.whl", hash = "sha256:ed094d4f0c177b1b8e7aa9cba7d6ceed51c0e569a5318ac0ca9a090680a6a1b1"},
    {file = "numpy-1.24.4-cp310-cp310-manylinux_2_17_aarch64.manylinux2014_aarch64.whl", hash = "sha256:79fc682a374c4a8ed08b331bef9c5f582585d1048fa6d80bc6c35bc384eee9b4"},
    {file = "numpy-1.24.4-cp310-cp310-manylinux_2_17_x86_64.manylinux2014_x86_64.whl", hash = "sha256:7ffe43c74893dbf38c2b0a1f5428760a1a9c98285553c89e12d70a96a7f3a4d6"},
    {file = "numpy-1.24.4-cp310-cp310-win32.whl", hash = "sha256:4c21decb6ea94057331e111a5bed9a79d335658c27ce2adb580fb4d54f2ad9bc"},
    {file = "numpy-1.24.4-cp310-cp310-win_amd64.whl", hash = "sha256:b4bea75e47d9586d31e892a7401f76e909712a0fd510f58f5337bea9572c571e"},
    {file = "numpy-1.24.4-cp311-cp311-macosx_10_9_x86_64.whl", hash = "sha256:f136bab9c2cfd8da131132c2cf6cc27331dd6fae65f95f69dcd4ae3c3639c810"},
    {file = "numpy-1.24.4-cp311-cp311-macosx_11_0_arm64.whl", hash = "sha256:e2926dac25b313635e4d6cf4dc4e51c8c0ebfed60b801c799ffc4c32bf3d1254"},
    {file = "numpy-1.24.4-cp311-cp311-manylinux_2_17_aarch64.manylinux2014_aarch64.whl", hash = "sha256:222e40d0e2548690405b0b3c7b21d1169117391c2e82c378467ef9ab4c8f0da7"},
    {file = "numpy-1.24.4-cp311-cp311-manylinux_2_17_x86_64.manylinux2014_x86_64.whl", hash = "sha256:7215847ce88a85ce39baf9e89070cb860c98fdddacbaa6c0da3ffb31b3350bd5"},
    {file = "numpy-1.24.4-cp311-cp311-win32.whl", hash = "sha256:4979217d7de511a8d57f4b4b5b2b965f707768440c17cb70fbf254c4b225238d"},
    {file = "numpy-1.24.4-cp311-cp311-win_amd64.whl", hash = "sha256:b7b1fc9864d7d39e28f41d089bfd6353cb5f27ecd9905348c24187a768c79694"},
    {file = "numpy-1.24.4-cp38-cp38-macosx_10_9_x86_64.whl", hash = "sha256:1452241c290f3e2a312c137a9999cdbf63f78864d63c79039bda65ee86943f61"},
    {file = "numpy-1.24.4-cp38-cp38-macosx_11_0_arm64.whl", hash = "sha256:04640dab83f7c6c85abf9cd729c5b65f1ebd0ccf9de90b270cd61935eef0197f"},
    {file = "numpy-1.24.4-cp38-cp38-manylinux_2_17_aarch64.manylinux2014_aarch64.whl", hash = "sha256:a5425b114831d1e77e4b5d812b69d11d962e104095a5b9c3b641a218abcc050e"},
    {file = "numpy-1.24.4-cp38-cp38-manylinux_2_17_x86_64.manylinux2014_x86_64.whl", hash = "sha256:dd80e219fd4c71fc3699fc1dadac5dcf4fd882bfc6f7ec53d30fa197b8ee22dc"},
    {file = "numpy-1.24.4-cp38-cp38-win32.whl", hash = "sha256:4602244f345453db537be5314d3983dbf5834a9701b7723ec28923e2889e0bb2"},
    {file = "numpy-1.24.4-cp38-cp38-win_amd64.whl", hash = "sha256:692f2e0f55794943c5bfff12b3f56f99af76f902fc47487bdfe97856de51a706"},
    {file = "numpy-1.24.4-cp39-cp39-macosx_10_9_x86_64.whl", hash = "sha256:2541312fbf09977f3b3ad449c4e5f4bb55d0dbf79226d7724211acc905049400"},
    {file = "numpy-1.24.4-cp39-cp39-macosx_11_0_arm64.whl", hash = "sha256:9667575fb6d13c95f1b36aca12c5ee3356bf001b714fc354eb5465ce1609e62f"},
    {file = "numpy-1.24.4-cp39-cp39-manylinux_2_17_aarch64.manylinux2014_aarch64.whl", hash = "sha256:f3a86ed21e4f87050382c7bc96571755193c4c1392490744ac73d660e8f564a9"},
    {file = "numpy-1.24.4-cp39-cp39-manylinux_2_17_x86_64.manylinux2014_x86_64.whl", hash = "sha256:d11efb4dbecbdf22508d55e48d9c8384db795e1b7b51ea735289ff96613ff74d"},
    {file = "numpy-1.24.4-cp39-cp39-win32.whl", hash = "sha256:6620c0acd41dbcb368610bb2f4d83145674040025e5536954782467100aa8835"},
    {file = "numpy-1.24.4-cp39-cp39-win_amd64.whl", hash = "sha256:befe2bf740fd8373cf56149a5c23a0f601e82869598d41f8e188a0e9869926f8"},
    {file = "numpy-1.24.4-pp38-pypy38_pp73-macosx_10_9_x86_64.whl", hash = "sha256:31f13e25b4e304632a4619d0e0777662c2ffea99fcae2029556b17d8ff958aef"},
    {file = "numpy-1.24.4-pp38-pypy38_pp73-manylinux_2_17_x86_64.manylinux2014_x86_64.whl", hash = "sha256:95f7ac6540e95bc440ad77f56e520da5bf877f87dca58bd095288dce8940532a"},
    {file = "numpy-1.24.4-pp38-pypy38_pp73-win_amd64.whl", hash = "sha256:e98f220aa76ca2a977fe435f5b04d7b3470c0a2e6312907b37ba6068f26787f2"},
    {file = "numpy-1.24.4.tar.gz", hash = "sha256:80f5e3a4e498641401868df4208b74581206afbee7cf7b8329daae82676d9463"},
]

[[package]]
name = "packaging"
version = "23.2"
description = "Core utilities for Python packages"
optional = false
python-versions = ">=3.7"
files = [
    {file = "packaging-23.2-py3-none-any.whl", hash = "sha256:8c491190033a9af7e1d931d0b5dacc2ef47509b34dd0de67ed209b5203fc88c7"},
    {file = "packaging-23.2.tar.gz", hash = "sha256:048fb0e9405036518eaaf48a55953c750c11e1a1b68e0dd1a9d62ed0c092cfc5"},
]

[[package]]
name = "pyerfa"
version = "2.0.0.3"
description = "Python bindings for ERFA"
optional = false
python-versions = ">=3.7"
files = [
    {file = "pyerfa-2.0.0.3-cp310-cp310-macosx_10_9_x86_64.whl", hash = "sha256:676515861ca3f0cb9d7e693389233e7126413a5ba93a0cc4d36b8ca933951e8d"},
    {file = "pyerfa-2.0.0.3-cp310-cp310-macosx_11_0_arm64.whl", hash = "sha256:a438865894d226247dcfcb60d683ae075a52716504537052371b2b73458fe4fc"},
    {file = "pyerfa-2.0.0.3-cp310-cp310-manylinux_2_17_aarch64.manylinux2014_aarch64.whl", hash = "sha256:73bf7d23f069d47632a2feeb1e73454b10392c4f3c16116017a6983f1f0e9b2b"},
    {file = "pyerfa-2.0.0.3-cp310-cp310-manylinux_2_17_x86_64.manylinux2014_x86_64.whl", hash = "sha256:780b0f90adf500b8ba24e9d509a690576a7e8287e354cfb90227c5963690d3fc"},
    {file = "pyerfa-2.0.0.3-cp310-cp310-manylinux_2_5_i686.manylinux1_i686.manylinux_2_17_i686.manylinux2014_i686.whl", hash = "sha256:5447bb45ddedde3052693c86b941a4908f5dbeb4a697bda45b5b89de92cfb74a"},
    {file = "pyerfa-2.0.0.3-cp310-cp310-musllinux_1_1_x86_64.whl", hash = "sha256:7c24e7960c6cdd3fa3f4dba5f3444a106ad48c94ff0b19eebaee06a142c18c52"},
    {file = "pyerfa-2.0.0.3-cp310-cp310-win32.whl", hash = "sha256:170a83bd0243da518119b846f296cf33fa03f1f884a88578c1a38560182cf64e"},
    {file = "pyerfa-2.0.0.3-cp310-cp310-win_amd64.whl", hash = "sha256:51aa6e0faa4aa9ad8f0eef1c47fec76c5bebc0da7023a436089bdd6e5cfd625f"},
    {file = "pyerfa-2.0.0.3-cp311-cp311-macosx_10_9_x86_64.whl", hash = "sha256:4fa9fceeb78057bfff7ae3aa6cdad3f1b193722de22bdbb75319256f4a9e2f76"},
    {file = "pyerfa-2.0.0.3-cp311-cp311-macosx_11_0_arm64.whl", hash = "sha256:a8a2029fc62ff2369d01219f66a5ce6aed35ef33eddb06118b6c27e8573a9ed8"},
    {file = "pyerfa-2.0.0.3-cp311-cp311-manylinux_2_17_aarch64.manylinux2014_aarch64.whl", hash = "sha256:da888da2c8db5a78273fbf0af4e74f04e2d312d371c3c021cf6c3b14fa60fe3b"},
    {file = "pyerfa-2.0.0.3-cp311-cp311-manylinux_2_17_x86_64.manylinux2014_x86_64.whl", hash = "sha256:7354753addba5261ec1cbf1ba45784ed3a5c42da565ecc6e0aa36b7a17fa4689"},
    {file = "pyerfa-2.0.0.3-cp311-cp311-manylinux_2_5_i686.manylinux1_i686.manylinux_2_17_i686.manylinux2014_i686.whl", hash = "sha256:3b55f7278c1dd362648d7956e1a5365ade5fed2fe5541b721b3ceb5271128892"},
    {file = "pyerfa-2.0.0.3-cp311-cp311-musllinux_1_1_x86_64.whl", hash = "sha256:23e5efcf96ed7161d74f79ca261d255e1f36988843d22cd97d8f60fe9c868d44"},
    {file = "pyerfa-2.0.0.3-cp311-cp311-win32.whl", hash = "sha256:f0e9d0b122c454bcad5dbd0c3283b200783031d3f99ca9c550f49a7a7d4c41ea"},
    {file = "pyerfa-2.0.0.3-cp311-cp311-win_amd64.whl", hash = "sha256:09af83540e23a7d61a8368b0514b3daa4ed967e1e52d0add4f501f58c500dd7f"},
    {file = "pyerfa-2.0.0.3-cp37-cp37m-macosx_10_9_x86_64.whl", hash = "sha256:6a07444fd53a5dd18d7955f86f8d9b1be9a68ceb143e1145c0019a310c913c04"},
    {file = "pyerfa-2.0.0.3-cp37-cp37m-manylinux_2_17_aarch64.manylinux2014_aarch64.whl", hash = "sha256:daf7364e475cff1f973e2fcf6962de9df9642c8802b010e29b2c592ae337e3c5"},
    {file = "pyerfa-2.0.0.3-cp37-cp37m-manylinux_2_17_x86_64.manylinux2014_x86_64.whl", hash = "sha256:e8458421166f6ffe2e259aaf4aaa6e802d6539649a40e3194a81d30dccdc167a"},
    {file = "pyerfa-2.0.0.3-cp37-cp37m-manylinux_2_5_i686.manylinux1_i686.manylinux_2_17_i686.manylinux2014_i686.whl", hash = "sha256:96ea688341176ae6220cc4743cda655549d71e3e3b60c5a99d02d5912d0ddf55"},
    {file = "pyerfa-2.0.0.3-cp37-cp37m-musllinux_1_1_x86_64.whl", hash = "sha256:d56f6b5a0a3ed7b80d630041829463a872946df277259b5453298842d42a54a4"},
    {file = "pyerfa-2.0.0.3-cp37-cp37m-win32.whl", hash = "sha256:3ecb598924ddb4ea2b06efc6f1e55ca70897ed178a690e2eaa1e290448466c7c"},
    {file = "pyerfa-2.0.0.3-cp37-cp37m-win_amd64.whl", hash = "sha256:1033fdb890ec70d3a511e20a464afc8abbea2180108f27b14d8f1d1addc38cbe"},
    {file = "pyerfa-2.0.0.3-cp38-cp38-macosx_10_9_x86_64.whl", hash = "sha256:2d8c0dbb17119e52def33f9d6dbf2deaf2113ed3e657b6ff692df9b6a3598397"},
    {file = "pyerfa-2.0.0.3-cp38-cp38-macosx_11_0_arm64.whl", hash = "sha256:8a1edd2cbe4ead3bf9a51e578d5d83bdd7ab3b3ccb69e09b89a4c42aa5b35ffb"},
    {file = "pyerfa-2.0.0.3-cp38-cp38-manylinux_2_17_aarch64.manylinux2014_aarch64.whl", hash = "sha256:a04c3b715c924b6f972dd440a94a701a16a07700bc8ba9e88b1df765bdc36ad0"},
    {file = "pyerfa-2.0.0.3-cp38-cp38-manylinux_2_17_x86_64.manylinux2014_x86_64.whl", hash = "sha256:7d01c341c45b860ee5c7585ef003118c8015e9d65c30668d2f5bf657e1dcdd68"},
    {file = "pyerfa-2.0.0.3-cp38-cp38-manylinux_2_5_i686.manylinux1_i686.manylinux_2_17_i686.manylinux2014_i686.whl", hash = "sha256:24d89ead30edc6038408336ad9b696683e74c4eef550708fca6afef3ecd5b010"},
    {file = "pyerfa-2.0.0.3-cp38-cp38-musllinux_1_1_x86_64.whl", hash = "sha256:0b8c5e74d48a505a014e855cd4c7be11604901d94fd6f34b685f6720b7b20ed8"},
    {file = "pyerfa-2.0.0.3-cp38-cp38-win32.whl", hash = "sha256:2ccba04de166d81bdd3adcf10428d908ce2f3a56ed1c2767d740fec12680edbd"},
    {file = "pyerfa-2.0.0.3-cp38-cp38-win_amd64.whl", hash = "sha256:3df87743e27588c5bd5e1f3a886629b3277fdd418059ca048420d33169376775"},
    {file = "pyerfa-2.0.0.3-cp39-cp39-macosx_10_9_x86_64.whl", hash = "sha256:88aa1acedf298d255cc4b0740ee11a3b303b71763dba2f039d48abf0a95cf9df"},
    {file = "pyerfa-2.0.0.3-cp39-cp39-macosx_11_0_arm64.whl", hash = "sha256:06d4f08e96867b1fc3ae9a9e4b38693ed0806463288efc41473ad16e14774504"},
    {file = "pyerfa-2.0.0.3-cp39-cp39-manylinux_2_17_aarch64.manylinux2014_aarch64.whl", hash = "sha256:f1819e0d95ff8dead80614f8063919d82b2dbb55437b6c0109d3393c1ab55954"},
    {file = "pyerfa-2.0.0.3-cp39-cp39-manylinux_2_17_x86_64.manylinux2014_x86_64.whl", hash = "sha256:61f1097ac2ee8c15a2a636cdfb99340d708574d66f4610456bd457d1e6b852f4"},
    {file = "pyerfa-2.0.0.3-cp39-cp39-manylinux_2_5_i686.manylinux1_i686.manylinux_2_17_i686.manylinux2014_i686.whl", hash = "sha256:36f42ee01a62c6cbba58103e6f8e600b21ad3a71262dccf03d476efb4a20ea71"},
    {file = "pyerfa-2.0.0.3-cp39-cp39-musllinux_1_1_x86_64.whl", hash = "sha256:3ecd6167b48bb8f1922fae7b49554616f2e7382748a4320ad46ebd7e2cc62f3d"},
    {file = "pyerfa-2.0.0.3-cp39-cp39-win32.whl", hash = "sha256:7f9eabfefa5317ce58fe22480102902f10f270fc64a5636c010f7c0b7e0fb032"},
    {file = "pyerfa-2.0.0.3-cp39-cp39-win_amd64.whl", hash = "sha256:4ea7ca03ecc440224c2bed8fb136fadf6cf8aea8ba67d717f635116f30c8cc8c"},
    {file = "pyerfa-2.0.0.3.tar.gz", hash = "sha256:d77fbbfa58350c194ccb99e5d93aa05d3c2b14d5aad8b662d93c6ad9fff41f39"},
]

[package.dependencies]
numpy = ">=1.17"

[package.extras]
docs = ["sphinx-astropy (>=1.3)"]
test = ["pytest", "pytest-doctestplus (>=0.7)"]

[[package]]
name = "pyyaml"
version = "6.0.1"
description = "YAML parser and emitter for Python"
optional = false
python-versions = ">=3.6"
files = [
    {file = "PyYAML-6.0.1-cp310-cp310-macosx_10_9_x86_64.whl", hash = "sha256:d858aa552c999bc8a8d57426ed01e40bef403cd8ccdd0fc5f6f04a00414cac2a"},
    {file = "PyYAML-6.0.1-cp310-cp310-macosx_11_0_arm64.whl", hash = "sha256:fd66fc5d0da6d9815ba2cebeb4205f95818ff4b79c3ebe268e75d961704af52f"},
    {file = "PyYAML-6.0.1-cp310-cp310-manylinux_2_17_aarch64.manylinux2014_aarch64.whl", hash = "sha256:69b023b2b4daa7548bcfbd4aa3da05b3a74b772db9e23b982788168117739938"},
    {file = "PyYAML-6.0.1-cp310-cp310-manylinux_2_17_s390x.manylinux2014_s390x.whl", hash = "sha256:81e0b275a9ecc9c0c0c07b4b90ba548307583c125f54d5b6946cfee6360c733d"},
    {file = "PyYAML-6.0.1-cp310-cp310-manylinux_2_17_x86_64.manylinux2014_x86_64.whl", hash = "sha256:ba336e390cd8e4d1739f42dfe9bb83a3cc2e80f567d8805e11b46f4a943f5515"},
    {file = "PyYAML-6.0.1-cp310-cp310-musllinux_1_1_x86_64.whl", hash = "sha256:326c013efe8048858a6d312ddd31d56e468118ad4cdeda36c719bf5bb6192290"},
    {file = "PyYAML-6.0.1-cp310-cp310-win32.whl", hash = "sha256:bd4af7373a854424dabd882decdc5579653d7868b8fb26dc7d0e99f823aa5924"},
    {file = "PyYAML-6.0.1-cp310-cp310-win_amd64.whl", hash = "sha256:fd1592b3fdf65fff2ad0004b5e363300ef59ced41c2e6b3a99d4089fa8c5435d"},
    {file = "PyYAML-6.0.1-cp311-cp311-macosx_10_9_x86_64.whl", hash = "sha256:6965a7bc3cf88e5a1c3bd2e0b5c22f8d677dc88a455344035f03399034eb3007"},
    {file = "PyYAML-6.0.1-cp311-cp311-macosx_11_0_arm64.whl", hash = "sha256:f003ed9ad21d6a4713f0a9b5a7a0a79e08dd0f221aff4525a2be4c346ee60aab"},
    {file = "PyYAML-6.0.1-cp311-cp311-manylinux_2_17_aarch64.manylinux2014_aarch64.whl", hash = "sha256:42f8152b8dbc4fe7d96729ec2b99c7097d656dc1213a3229ca5383f973a5ed6d"},
    {file = "PyYAML-6.0.1-cp311-cp311-manylinux_2_17_s390x.manylinux2014_s390x.whl", hash = "sha256:062582fca9fabdd2c8b54a3ef1c978d786e0f6b3a1510e0ac93ef59e0ddae2bc"},
    {file = "PyYAML-6.0.1-cp311-cp311-manylinux_2_17_x86_64.manylinux2014_x86_64.whl", hash = "sha256:d2b04aac4d386b172d5b9692e2d2da8de7bfb6c387fa4f801fbf6fb2e6ba4673"},
    {file = "PyYAML-6.0.1-cp311-cp311-musllinux_1_1_x86_64.whl", hash = "sha256:e7d73685e87afe9f3b36c799222440d6cf362062f78be1013661b00c5c6f678b"},
    {file = "PyYAML-6.0.1-cp311-cp311-win32.whl", hash = "sha256:1635fd110e8d85d55237ab316b5b011de701ea0f29d07611174a1b42f1444741"},
    {file = "PyYAML-6.0.1-cp311-cp311-win_amd64.whl", hash = "sha256:bf07ee2fef7014951eeb99f56f39c9bb4af143d8aa3c21b1677805985307da34"},
    {file = "PyYAML-6.0.1-cp312-cp312-macosx_10_9_x86_64.whl", hash = "sha256:855fb52b0dc35af121542a76b9a84f8d1cd886ea97c84703eaa6d88e37a2ad28"},
    {file = "PyYAML-6.0.1-cp312-cp312-macosx_11_0_arm64.whl", hash = "sha256:40df9b996c2b73138957fe23a16a4f0ba614f4c0efce1e9406a184b6d07fa3a9"},
    {file = "PyYAML-6.0.1-cp312-cp312-manylinux_2_17_x86_64.manylinux2014_x86_64.whl", hash = "sha256:6c22bec3fbe2524cde73d7ada88f6566758a8f7227bfbf93a408a9d86bcc12a0"},
    {file = "PyYAML-6.0.1-cp312-cp312-musllinux_1_1_x86_64.whl", hash = "sha256:8d4e9c88387b0f5c7d5f281e55304de64cf7f9c0021a3525bd3b1c542da3b0e4"},
    {file = "PyYAML-6.0.1-cp312-cp312-win32.whl", hash = "sha256:d483d2cdf104e7c9fa60c544d92981f12ad66a457afae824d146093b8c294c54"},
    {file = "PyYAML-6.0.1-cp312-cp312-win_amd64.whl", hash = "sha256:0d3304d8c0adc42be59c5f8a4d9e3d7379e6955ad754aa9d6ab7a398b59dd1df"},
    {file = "PyYAML-6.0.1-cp36-cp36m-macosx_10_9_x86_64.whl", hash = "sha256:50550eb667afee136e9a77d6dc71ae76a44df8b3e51e41b77f6de2932bfe0f47"},
    {file = "PyYAML-6.0.1-cp36-cp36m-manylinux_2_17_aarch64.manylinux2014_aarch64.whl", hash = "sha256:1fe35611261b29bd1de0070f0b2f47cb6ff71fa6595c077e42bd0c419fa27b98"},
    {file = "PyYAML-6.0.1-cp36-cp36m-manylinux_2_17_s390x.manylinux2014_s390x.whl", hash = "sha256:704219a11b772aea0d8ecd7058d0082713c3562b4e271b849ad7dc4a5c90c13c"},
    {file = "PyYAML-6.0.1-cp36-cp36m-manylinux_2_17_x86_64.manylinux2014_x86_64.whl", hash = "sha256:afd7e57eddb1a54f0f1a974bc4391af8bcce0b444685d936840f125cf046d5bd"},
    {file = "PyYAML-6.0.1-cp36-cp36m-win32.whl", hash = "sha256:fca0e3a251908a499833aa292323f32437106001d436eca0e6e7833256674585"},
    {file = "PyYAML-6.0.1-cp36-cp36m-win_amd64.whl", hash = "sha256:f22ac1c3cac4dbc50079e965eba2c1058622631e526bd9afd45fedd49ba781fa"},
    {file = "PyYAML-6.0.1-cp37-cp37m-macosx_10_9_x86_64.whl", hash = "sha256:b1275ad35a5d18c62a7220633c913e1b42d44b46ee12554e5fd39c70a243d6a3"},
    {file = "PyYAML-6.0.1-cp37-cp37m-manylinux_2_17_aarch64.manylinux2014_aarch64.whl", hash = "sha256:18aeb1bf9a78867dc38b259769503436b7c72f7a1f1f4c93ff9a17de54319b27"},
    {file = "PyYAML-6.0.1-cp37-cp37m-manylinux_2_17_s390x.manylinux2014_s390x.whl", hash = "sha256:596106435fa6ad000c2991a98fa58eeb8656ef2325d7e158344fb33864ed87e3"},
    {file = "PyYAML-6.0.1-cp37-cp37m-manylinux_2_17_x86_64.manylinux2014_x86_64.whl", hash = "sha256:baa90d3f661d43131ca170712d903e6295d1f7a0f595074f151c0aed377c9b9c"},
    {file = "PyYAML-6.0.1-cp37-cp37m-win32.whl", hash = "sha256:9046c58c4395dff28dd494285c82ba00b546adfc7ef001486fbf0324bc174fba"},
    {file = "PyYAML-6.0.1-cp37-cp37m-win_amd64.whl", hash = "sha256:4fb147e7a67ef577a588a0e2c17b6db51dda102c71de36f8549b6816a96e1867"},
    {file = "PyYAML-6.0.1-cp38-cp38-macosx_10_9_x86_64.whl", hash = "sha256:1d4c7e777c441b20e32f52bd377e0c409713e8bb1386e1099c2415f26e479595"},
    {file = "PyYAML-6.0.1-cp38-cp38-manylinux_2_17_aarch64.manylinux2014_aarch64.whl", hash = "sha256:a0cd17c15d3bb3fa06978b4e8958dcdc6e0174ccea823003a106c7d4d7899ac5"},
    {file = "PyYAML-6.0.1-cp38-cp38-manylinux_2_17_s390x.manylinux2014_s390x.whl", hash = "sha256:28c119d996beec18c05208a8bd78cbe4007878c6dd15091efb73a30e90539696"},
    {file = "PyYAML-6.0.1-cp38-cp38-manylinux_2_17_x86_64.manylinux2014_x86_64.whl", hash = "sha256:7e07cbde391ba96ab58e532ff4803f79c4129397514e1413a7dc761ccd755735"},
    {file = "PyYAML-6.0.1-cp38-cp38-musllinux_1_1_x86_64.whl", hash = "sha256:49a183be227561de579b4a36efbb21b3eab9651dd81b1858589f796549873dd6"},
    {file = "PyYAML-6.0.1-cp38-cp38-win32.whl", hash = "sha256:184c5108a2aca3c5b3d3bf9395d50893a7ab82a38004c8f61c258d4428e80206"},
    {file = "PyYAML-6.0.1-cp38-cp38-win_amd64.whl", hash = "sha256:1e2722cc9fbb45d9b87631ac70924c11d3a401b2d7f410cc0e3bbf249f2dca62"},
    {file = "PyYAML-6.0.1-cp39-cp39-macosx_10_9_x86_64.whl", hash = "sha256:9eb6caa9a297fc2c2fb8862bc5370d0303ddba53ba97e71f08023b6cd73d16a8"},
    {file = "PyYAML-6.0.1-cp39-cp39-macosx_11_0_arm64.whl", hash = "sha256:c8098ddcc2a85b61647b2590f825f3db38891662cfc2fc776415143f599bb859"},
    {file = "PyYAML-6.0.1-cp39-cp39-manylinux_2_17_aarch64.manylinux2014_aarch64.whl", hash = "sha256:5773183b6446b2c99bb77e77595dd486303b4faab2b086e7b17bc6bef28865f6"},
    {file = "PyYAML-6.0.1-cp39-cp39-manylinux_2_17_s390x.manylinux2014_s390x.whl", hash = "sha256:b786eecbdf8499b9ca1d697215862083bd6d2a99965554781d0d8d1ad31e13a0"},
    {file = "PyYAML-6.0.1-cp39-cp39-manylinux_2_17_x86_64.manylinux2014_x86_64.whl", hash = "sha256:bc1bf2925a1ecd43da378f4db9e4f799775d6367bdb94671027b73b393a7c42c"},
    {file = "PyYAML-6.0.1-cp39-cp39-musllinux_1_1_x86_64.whl", hash = "sha256:04ac92ad1925b2cff1db0cfebffb6ffc43457495c9b3c39d3fcae417d7125dc5"},
    {file = "PyYAML-6.0.1-cp39-cp39-win32.whl", hash = "sha256:faca3bdcf85b2fc05d06ff3fbc1f83e1391b3e724afa3feba7d13eeab355484c"},
    {file = "PyYAML-6.0.1-cp39-cp39-win_amd64.whl", hash = "sha256:510c9deebc5c0225e8c96813043e62b680ba2f9c50a08d3724c7f28a747d1486"},
    {file = "PyYAML-6.0.1.tar.gz", hash = "sha256:bfdf460b1736c775f2ba9f6a92bca30bc2095067b8a9d77876d1fad6cc3b4a43"},
]

[[package]]
name = "scipy"
version = "1.10.1"
description = "Fundamental algorithms for scientific computing in Python"
optional = false
python-versions = "<3.12,>=3.8"
files = [
    {file = "scipy-1.10.1-cp310-cp310-macosx_10_9_x86_64.whl", hash = "sha256:e7354fd7527a4b0377ce55f286805b34e8c54b91be865bac273f527e1b839019"},
    {file = "scipy-1.10.1-cp310-cp310-macosx_12_0_arm64.whl", hash = "sha256:4b3f429188c66603a1a5c549fb414e4d3bdc2a24792e061ffbd607d3d75fd84e"},
    {file = "scipy-1.10.1-cp310-cp310-manylinux_2_17_aarch64.manylinux2014_aarch64.whl", hash = "sha256:1553b5dcddd64ba9a0d95355e63fe6c3fc303a8fd77c7bc91e77d61363f7433f"},
    {file = "scipy-1.10.1-cp310-cp310-manylinux_2_17_x86_64.manylinux2014_x86_64.whl", hash = "sha256:4c0ff64b06b10e35215abce517252b375e580a6125fd5fdf6421b98efbefb2d2"},
    {file = "scipy-1.10.1-cp310-cp310-win_amd64.whl", hash = "sha256:fae8a7b898c42dffe3f7361c40d5952b6bf32d10c4569098d276b4c547905ee1"},
    {file = "scipy-1.10.1-cp311-cp311-macosx_10_9_x86_64.whl", hash = "sha256:0f1564ea217e82c1bbe75ddf7285ba0709ecd503f048cb1236ae9995f64217bd"},
    {file = "scipy-1.10.1-cp311-cp311-macosx_12_0_arm64.whl", hash = "sha256:d925fa1c81b772882aa55bcc10bf88324dadb66ff85d548c71515f6689c6dac5"},
    {file = "scipy-1.10.1-cp311-cp311-manylinux_2_17_aarch64.manylinux2014_aarch64.whl", hash = "sha256:aaea0a6be54462ec027de54fca511540980d1e9eea68b2d5c1dbfe084797be35"},
    {file = "scipy-1.10.1-cp311-cp311-manylinux_2_17_x86_64.manylinux2014_x86_64.whl", hash = "sha256:15a35c4242ec5f292c3dd364a7c71a61be87a3d4ddcc693372813c0b73c9af1d"},
    {file = "scipy-1.10.1-cp311-cp311-win_amd64.whl", hash = "sha256:43b8e0bcb877faf0abfb613d51026cd5cc78918e9530e375727bf0625c82788f"},
    {file = "scipy-1.10.1-cp38-cp38-macosx_10_9_x86_64.whl", hash = "sha256:5678f88c68ea866ed9ebe3a989091088553ba12c6090244fdae3e467b1139c35"},
    {file = "scipy-1.10.1-cp38-cp38-macosx_12_0_arm64.whl", hash = "sha256:39becb03541f9e58243f4197584286e339029e8908c46f7221abeea4b749fa88"},
    {file = "scipy-1.10.1-cp38-cp38-manylinux_2_17_aarch64.manylinux2014_aarch64.whl", hash = "sha256:bce5869c8d68cf383ce240e44c1d9ae7c06078a9396df68ce88a1230f93a30c1"},
    {file = "scipy-1.10.1-cp38-cp38-manylinux_2_17_x86_64.manylinux2014_x86_64.whl", hash = "sha256:07c3457ce0b3ad5124f98a86533106b643dd811dd61b548e78cf4c8786652f6f"},
    {file = "scipy-1.10.1-cp38-cp38-win_amd64.whl", hash = "sha256:049a8bbf0ad95277ffba9b3b7d23e5369cc39e66406d60422c8cfef40ccc8415"},
    {file = "scipy-1.10.1-cp39-cp39-macosx_10_9_x86_64.whl", hash = "sha256:cd9f1027ff30d90618914a64ca9b1a77a431159df0e2a195d8a9e8a04c78abf9"},
    {file = "scipy-1.10.1-cp39-cp39-macosx_12_0_arm64.whl", hash = "sha256:79c8e5a6c6ffaf3a2262ef1be1e108a035cf4f05c14df56057b64acc5bebffb6"},
    {file = "scipy-1.10.1-cp39-cp39-manylinux_2_17_aarch64.manylinux2014_aarch64.whl", hash = "sha256:51af417a000d2dbe1ec6c372dfe688e041a7084da4fdd350aeb139bd3fb55353"},
    {file = "scipy-1.10.1-cp39-cp39-manylinux_2_17_x86_64.manylinux2014_x86_64.whl", hash = "sha256:1b4735d6c28aad3cdcf52117e0e91d6b39acd4272f3f5cd9907c24ee931ad601"},
    {file = "scipy-1.10.1-cp39-cp39-win_amd64.whl", hash = "sha256:7ff7f37b1bf4417baca958d254e8e2875d0cc23aaadbe65b3d5b3077b0eb23ea"},
    {file = "scipy-1.10.1.tar.gz", hash = "sha256:2cf9dfb80a7b4589ba4c40ce7588986d6d5cebc5457cad2c2880f6bc2d42f3a5"},
]

[package.dependencies]
numpy = ">=1.19.5,<1.27.0"

[package.extras]
dev = ["click", "doit (>=0.36.0)", "flake8", "mypy", "pycodestyle", "pydevtool", "rich-click", "typing_extensions"]
doc = ["matplotlib (>2)", "numpydoc", "pydata-sphinx-theme (==0.9.0)", "sphinx (!=4.1.0)", "sphinx-design (>=0.2.0)"]
test = ["asv", "gmpy2", "mpmath", "pooch", "pytest", "pytest-cov", "pytest-timeout", "pytest-xdist", "scikit-umfpack", "threadpoolctl"]

[metadata]
lock-version = "2.0"
python-versions = ">=3.8,<3.12"
content-hash = "9d1dd0d1a6cb5321eeae187218e6bf21feec504c3c526cf922208716ea7bac9c"
